
Microsoft Visual Studio Solution File, Format Version 12.00
# Visual Studio Express 14 for Windows Desktop
VisualStudioVersion = 14.0.24720.0
MinimumVisualStudioVersion = 10.0.40219.1
Project("{FAE04EC0-301F-11D3-BF4B-00C04F79EFBC}") = "MultiCastDelegates", "MultiCastDelegates\MultiCastDelegates.csproj", "{0D79F244-1C86-4108-A4C1-D2E457E92005}"
EndProject
Global
	GlobalSection(SolutionConfigurationPlatforms) = preSolution
		Debug|Any CPU = Debug|Any CPU
		Release|Any CPU = Release|Any CPU
	EndGlobalSection
	GlobalSection(ProjectConfigurationPlatforms) = postSolution
		{0D79F244-1C86-4108-A4C1-D2E457E92005}.Debug|Any CPU.ActiveCfg = Debug|Any CPU
		{0D79F244-1C86-4108-A4C1-D2E457E92005}.Debug|Any CPU.Build.0 = Debug|Any CPU
		{0D79F244-1C86-4108-A4C1-D2E457E92005}.Release|Any CPU.ActiveCfg = Release|Any CPU
		{0D79F244-1C86-4108-A4C1-D2E457E92005}.Release|Any CPU.Build.0 = Release|Any CPU
	EndGlobalSection
	GlobalSection(SolutionProperties) = preSolution
		HideSolutionNode = FALSE
	EndGlobalSection
EndGlobal
